
Microsoft Visual Studio Solution File, Format Version 12.00
# Visual Studio Version 16
VisualStudioVersion = 16.0.31005.135
MinimumVisualStudioVersion = 10.0.40219.1
Project("{8BC9CEB8-8B4A-11D0-8D11-00A0C91BC942}") = "ex4", "ex4\ex4.vcxproj", "{D4A1F4AE-2799-49C6-A811-516154E10897}"
EndProject
Global
	GlobalSection(SolutionConfigurationPlatforms) = preSolution
		Debug|x64 = Debug|x64
		Release|x64 = Release|x64
	EndGlobalSection
	GlobalSection(ProjectConfigurationPlatforms) = postSolution
		{D4A1F4AE-2799-49C6-A811-516154E10897}.Debug|x64.ActiveCfg = Debug|x64
		{D4A1F4AE-2799-49C6-A811-516154E10897}.Debug|x64.Build.0 = Debug|x64
		{D4A1F4AE-2799-49C6-A811-516154E10897}.Release|x64.ActiveCfg = Release|x64
		{D4A1F4AE-2799-49C6-A811-516154E10897}.Release|x64.Build.0 = Release|x64
	EndGlobalSection
	GlobalSection(SolutionProperties) = preSolution
		HideSolutionNode = FALSE
	EndGlobalSection
	GlobalSection(ExtensibilityGlobals) = postSolution
		SolutionGuid = {5E95D37C-4090-484F-9808-F229B83C8FDC}
	EndGlobalSection
EndGlobal
